
Microsoft Visual Studio Solution File, Format Version 12.00
# Visual Studio Version 16
VisualStudioVersion = 16.0.29102.190
MinimumVisualStudioVersion = 15.0.26124.0
Project("{9A19103F-16F7-4668-BE54-9A1E7A4F7556}") = "RazorPagesProject", "test\integration-tests\samples\2.x\IntegrationTestsSample\src\RazorPagesProject\RazorPagesProject.csproj", "{DC63B2F2-BF83-4130-8D97-CD6C018A980A}"
EndProject
Project("{9A19103F-16F7-4668-BE54-9A1E7A4F7556}") = "RazorPagesProject.Tests", "test\integration-tests\samples\2.x\IntegrationTestsSample\tests\RazorPagesProject.Tests\RazorPagesProject.Tests.csproj", "{090B3375-0993-4BD3-9143-E30E06CBC890}"
EndProject
Global
	GlobalSection(SolutionConfigurationPlatforms) = preSolution
		Debug|Any CPU = Debug|Any CPU
		Debug|x64 = Debug|x64
		Debug|x86 = Debug|x86
		Release|Any CPU = Release|Any CPU
		Release|x64 = Release|x64
		Release|x86 = Release|x86
	EndGlobalSection
	GlobalSection(ProjectConfigurationPlatforms) = postSolution
		{DC63B2F2-BF83-4130-8D97-CD6C018A980A}.Debug|Any CPU.ActiveCfg = Debug|Any CPU
		{DC63B2F2-BF83-4130-8D97-CD6C018A980A}.Debug|Any CPU.Build.0 = Debug|Any CPU
		{DC63B2F2-BF83-4130-8D97-CD6C018A980A}.Debug|x64.ActiveCfg = Debug|Any CPU
		{DC63B2F2-BF83-4130-8D97-CD6C018A980A}.Debug|x64.Build.0 = Debug|Any CPU
		{DC63B2F2-BF83-4130-8D97-CD6C018A980A}.Debug|x86.ActiveCfg = Debug|Any CPU
		{DC63B2F2-BF83-4130-8D97-CD6C018A980A}.Debug|x86.Build.0 = Debug|Any CPU
		{DC63B2F2-BF83-4130-8D97-CD6C018A980A}.Release|Any CPU.ActiveCfg = Release|Any CPU
		{DC63B2F2-BF83-4130-8D97-CD6C018A980A}.Release|Any CPU.Build.0 = Release|Any CPU
		{DC63B2F2-BF83-4130-8D97-CD6C018A980A}.Release|x64.ActiveCfg = Release|Any CPU
		{DC63B2F2-BF83-4130-8D97-CD6C018A980A}.Release|x64.Build.0 = Release|Any CPU
		{DC63B2F2-BF83-4130-8D97-CD6C018A980A}.Release|x86.ActiveCfg = Release|Any CPU
		{DC63B2F2-BF83-4130-8D97-CD6C018A980A}.Release|x86.Build.0 = Release|Any CPU
		{090B3375-0993-4BD3-9143-E30E06CBC890}.Debug|Any CPU.ActiveCfg = Debug|Any CPU
		{090B3375-0993-4BD3-9143-E30E06CBC890}.Debug|Any CPU.Build.0 = Debug|Any CPU
		{090B3375-0993-4BD3-9143-E30E06CBC890}.Debug|x64.ActiveCfg = Debug|Any CPU
		{090B3375-0993-4BD3-9143-E30E06CBC890}.Debug|x64.Build.0 = Debug|Any CPU
		{090B3375-0993-4BD3-9143-E30E06CBC890}.Debug|x86.ActiveCfg = Debug|Any CPU
		{090B3375-0993-4BD3-9143-E30E06CBC890}.Debug|x86.Build.0 = Debug|Any CPU
		{090B3375-0993-4BD3-9143-E30E06CBC890}.Release|Any CPU.ActiveCfg = Release|Any CPU
		{090B3375-0993-4BD3-9143-E30E06CBC890}.Release|Any CPU.Build.0 = Release|Any CPU
		{090B3375-0993-4BD3-9143-E30E06CBC890}.Release|x64.ActiveCfg = Release|Any CPU
		{090B3375-0993-4BD3-9143-E30E06CBC890}.Release|x64.Build.0 = Release|Any CPU
		{090B3375-0993-4BD3-9143-E30E06CBC890}.Release|x86.ActiveCfg = Release|Any CPU
		{090B3375-0993-4BD3-9143-E30E06CBC890}.Release|x86.Build.0 = Release|Any CPU
	EndGlobalSection
	GlobalSection(SolutionProperties) = preSolution
		HideSolutionNode = FALSE
	EndGlobalSection
	GlobalSection(ExtensibilityGlobals) = postSolution
		SolutionGuid = {268F83A0-B318-47F7-A5CE-39CF341CFC78}
	EndGlobalSection
EndGlobal
